<?xml version="1.0" encoding="utf-8"?>
<Project ToolsVersion="4.0" xmlns="http://schemas.microsoft.com/developer/msbuild/2003">
  <ItemGroup>
    <Filter Include="Source Files">
      <UniqueIdentifier>{4FC737F1-C7A5-4376-A066-2A32D752A2FF}</UniqueIdentifier>
      <Extensions>cpp;c;cc;cxx;def;odl;idl;hpj;bat;asm;asmx</Extensions>
    </Filter>
    <Filter Include="Header Files">
      <UniqueIdentifier>{93995380-89BD-4b04-88EB-625FBE52EBFB}</UniqueIdentifier>
      <Extensions>h;hh;hpp;hxx;hm;inl;inc;xsd</Extensions>
    </Filter>
    <Filter Include="Resource Files">
      <UniqueIdentifier>{67DA6AB6-F800-4c08-8B7A-83BB121AAD01}</UniqueIdentifier>
      <Extensions>rc;ico;cur;bmp;dlg;rc2;rct;bin;rgs;gif;jpg;jpeg;jpe;resx;tiff;tif;png;wav;mfcribbon-ms</Extensions>
    </Filter>
    <Filter Include="Map">
      <UniqueIdentifier>{b93682e6-72e7-419b-beea-f102f2251e9d}</UniqueIdentifier>
    </Filter>
    <Filter Include="keyboard">
      <UniqueIdentifier>{14dedd5a-a492-472d-b185-672d554f6f10}</UniqueIdentifier>
    </Filter>
    <Filter Include="GameObject">
      <UniqueIdentifier>{e86b33e1-0ecd-4cda-bec9-fe096bb35b36}</UniqueIdentifier>
    </Filter>
    <Filter Include="Camera">
      <UniqueIdentifier>{2a0a952d-ed5a-4508-880d-f72685297f50}</UniqueIdentifier>
    </Filter>
    <Filter Include="MarioWeapon">
      <UniqueIdentifier>{b95ec46e-9f44-442d-b3da-cee5970f3ee5}</UniqueIdentifier>
    </Filter>
  </ItemGroup>
  <ItemGroup>
    <ClCompile Include="Game.cpp">
      <Filter>Source Files</Filter>
    </ClCompile>
    <ClCompile Include="GameObject.cpp">
      <Filter>Source Files</Filter>
    </ClCompile>
    <ClCompile Include="Goomba.cpp">
      <Filter>Source Files</Filter>
    </ClCompile>
    <ClCompile Include="main.cpp">
      <Filter>Source Files</Filter>
    </ClCompile>
    <ClCompile Include="Mario.cpp">
      <Filter>Source Files</Filter>
    </ClCompile>
    <ClCompile Include="Sprites.cpp">
      <Filter>Source Files</Filter>
    </ClCompile>
    <ClCompile Include="Textures.cpp">
      <Filter>Source Files</Filter>
    </ClCompile>
    <ClCompile Include="Scence.cpp">
      <Filter>Source Files</Filter>
    </ClCompile>
    <ClCompile Include="PlayScence.cpp">
      <Filter>Source Files</Filter>
    </ClCompile>
    <ClCompile Include="Animations.cpp">
      <Filter>Source Files</Filter>
    </ClCompile>
    <ClCompile Include="Utils.cpp">
      <Filter>Source Files</Filter>
    </ClCompile>
    <ClCompile Include="Koopas.cpp">
      <Filter>Source Files</Filter>
    </ClCompile>
    <ClCompile Include="Portal.cpp">
      <Filter>Source Files</Filter>
    </ClCompile>
    <ClCompile Include="Map.cpp">
      <Filter>Map</Filter>
    </ClCompile>
    <ClCompile Include="GreenBush.cpp">
      <Filter>GameObject</Filter>
    </ClCompile>
    <ClCompile Include="StopPoint.cpp">
      <Filter>GameObject</Filter>
    </ClCompile>
    <ClCompile Include="Camera.cpp">
      <Filter>Camera</Filter>
    </ClCompile>
    <ClCompile Include="MushRoom.cpp">
      <Filter>GameObject</Filter>
    </ClCompile>
    <ClCompile Include="Coin.cpp">
      <Filter>GameObject</Filter>
    </ClCompile>
    <ClCompile Include="QuestionBrick.cpp">
      <Filter>GameObject</Filter>
    </ClCompile>
    <ClCompile Include="Block.cpp">
      <Filter>GameObject</Filter>
    </ClCompile>
    <ClCompile Include="Brick.cpp">
      <Filter>GameObject</Filter>
    </ClCompile>
    <ClCompile Include="PiranhaPlant.cpp">
      <Filter>GameObject</Filter>
    </ClCompile>
    <ClCompile Include="BreakableBrick.cpp">
      <Filter>GameObject</Filter>
    </ClCompile>
    <ClCompile Include="Switch.cpp">
      <Filter>Source Files</Filter>
    </ClCompile>
    <ClCompile Include="RedGoomba.cpp">
      <Filter>GameObject</Filter>
    </ClCompile>
    <ClCompile Include="PiranhaPlantFire.cpp">
      <Filter>GameObject</Filter>
    </ClCompile>
    <ClCompile Include="FireBullet.cpp">
      <Filter>GameObject</Filter>
    </ClCompile>
    <ClCompile Include="Leaf.cpp">
      <Filter>GameObject</Filter>
    </ClCompile>
    <ClCompile Include="Tail.cpp">
      <Filter>MarioWeapon</Filter>
    </ClCompile>
    <ClCompile Include="BreakPiece.cpp">
      <Filter>Source Files</Filter>
    </ClCompile>
  </ItemGroup>
  <ItemGroup>
    <ClInclude Include="Game.h">
      <Filter>Header Files</Filter>
    </ClInclude>
    <ClInclude Include="GameObject.h">
      <Filter>Header Files</Filter>
    </ClInclude>
    <ClInclude Include="Goomba.h">
      <Filter>Header Files</Filter>
    </ClInclude>
    <ClInclude Include="Mario.h">
      <Filter>Header Files</Filter>
    </ClInclude>
    <ClInclude Include="Sprites.h">
      <Filter>Header Files</Filter>
    </ClInclude>
    <ClInclude Include="Textures.h">
      <Filter>Header Files</Filter>
    </ClInclude>
    <ClInclude Include="Scence.h">
      <Filter>Header Files</Filter>
    </ClInclude>
    <ClInclude Include="PlayScence.h">
      <Filter>Header Files</Filter>
    </ClInclude>
    <ClInclude Include="Animations.h">
      <Filter>Header Files</Filter>
    </ClInclude>
    <ClInclude Include="Utils.h">
      <Filter>Header Files</Filter>
    </ClInclude>
    <ClInclude Include="Koopas.h">
      <Filter>Header Files</Filter>
    </ClInclude>
    <ClInclude Include="Portal.h">
      <Filter>Header Files</Filter>
    </ClInclude>
    <ClInclude Include="Map.h">
      <Filter>Map</Filter>
    </ClInclude>
    <ClInclude Include="KeyEventHandler.h">
      <Filter>keyboard</Filter>
    </ClInclude>
    <ClInclude Include="GreenBush.h">
      <Filter>GameObject</Filter>
    </ClInclude>
    <ClInclude Include="StopPoint.h">
      <Filter>GameObject</Filter>
    </ClInclude>
    <ClInclude Include="Camera.h">
      <Filter>Camera</Filter>
    </ClInclude>
    <ClInclude Include="MushRoom.h">
      <Filter>GameObject</Filter>
    </ClInclude>
    <ClInclude Include="Coin.h">
      <Filter>GameObject</Filter>
    </ClInclude>
    <ClInclude Include="QuestionBrick.h">
      <Filter>GameObject</Filter>
    </ClInclude>
    <ClInclude Include="Block.h">
      <Filter>GameObject</Filter>
    </ClInclude>
    <ClInclude Include="Brick.h">
      <Filter>GameObject</Filter>
    </ClInclude>
    <ClInclude Include="PiranhaPlant.h">
      <Filter>GameObject</Filter>
    </ClInclude>
    <ClInclude Include="BreakableBrick.h">
      <Filter>GameObject</Filter>
    </ClInclude>
    <ClInclude Include="Switch.h">
      <Filter>Header Files</Filter>
    </ClInclude>
    <ClInclude Include="RedGoomba.h">
      <Filter>GameObject</Filter>
    </ClInclude>
    <ClInclude Include="PiranhaPlantFire.h">
      <Filter>GameObject</Filter>
    </ClInclude>
    <ClInclude Include="FireBullet.h">
      <Filter>GameObject</Filter>
    </ClInclude>
    <ClInclude Include="Leaf.h">
      <Filter>GameObject</Filter>
    </ClInclude>
    <ClInclude Include="Tail.h">
      <Filter>MarioWeapon</Filter>
    </ClInclude>
    <ClInclude Include="BreakPiece.h">
      <Filter>Header Files</Filter>
    </ClInclude>
  </ItemGroup>
</Project>